
Microsoft Visual Studio Solution File, Format Version 12.00
# Visual Studio 15
VisualStudioVersion = 15.0.28307.271
MinimumVisualStudioVersion = 10.0.40219.1
Project("{FAE04EC0-301F-11D3-BF4B-00C04F79EFBC}") = "CourseWork", "CourseWork\CourseWork.csproj", "{2B7FDCB6-2933-487E-A63F-A9FB7937C091}"
EndProject
Project("{FAE04EC0-301F-11D3-BF4B-00C04F79EFBC}") = "AlphaMiner", "AlphaMiner\AlphaMiner.csproj", "{19091F6C-907D-44DC-9918-179DE78C5D1D}"
EndProject
Project("{FAE04EC0-301F-11D3-BF4B-00C04F79EFBC}") = "UnitTests", "UnitTests\UnitTests.csproj", "{1011E906-49AE-4F66-B756-0E74C240DE6C}"
EndProject
Global
	GlobalSection(SolutionConfigurationPlatforms) = preSolution
		Debug|Any CPU = Debug|Any CPU
		Release|Any CPU = Release|Any CPU
	EndGlobalSection
	GlobalSection(ProjectConfigurationPlatforms) = postSolution
		{2B7FDCB6-2933-487E-A63F-A9FB7937C091}.Debug|Any CPU.ActiveCfg = Debug|Any CPU
		{2B7FDCB6-2933-487E-A63F-A9FB7937C091}.Debug|Any CPU.Build.0 = Debug|Any CPU
		{2B7FDCB6-2933-487E-A63F-A9FB7937C091}.Release|Any CPU.ActiveCfg = Release|Any CPU
		{2B7FDCB6-2933-487E-A63F-A9FB7937C091}.Release|Any CPU.Build.0 = Release|Any CPU
		{19091F6C-907D-44DC-9918-179DE78C5D1D}.Debug|Any CPU.ActiveCfg = Debug|Any CPU
		{19091F6C-907D-44DC-9918-179DE78C5D1D}.Debug|Any CPU.Build.0 = Debug|Any CPU
		{19091F6C-907D-44DC-9918-179DE78C5D1D}.Release|Any CPU.ActiveCfg = Release|Any CPU
		{19091F6C-907D-44DC-9918-179DE78C5D1D}.Release|Any CPU.Build.0 = Release|Any CPU
		{1011E906-49AE-4F66-B756-0E74C240DE6C}.Debug|Any CPU.ActiveCfg = Debug|Any CPU
		{1011E906-49AE-4F66-B756-0E74C240DE6C}.Debug|Any CPU.Build.0 = Debug|Any CPU
		{1011E906-49AE-4F66-B756-0E74C240DE6C}.Release|Any CPU.ActiveCfg = Release|Any CPU
		{1011E906-49AE-4F66-B756-0E74C240DE6C}.Release|Any CPU.Build.0 = Release|Any CPU
	EndGlobalSection
	GlobalSection(SolutionProperties) = preSolution
		HideSolutionNode = FALSE
	EndGlobalSection
	GlobalSection(ExtensibilityGlobals) = postSolution
		SolutionGuid = {57985847-8021-4D3E-ABF2-1E257DC55101}
	EndGlobalSection
EndGlobal
